Microsoft Visual Studio Solution File, Format Version 11.00
# Visual Studio 2008

Project("{C27C084C-7EAF-A56A-C9F0-DB7DEF71AB33}") = "homework-1", "Assembly-CSharp.csproj", "{97B080B1-E676-FE4D-FA45-C8002097091A}"
EndProject
Global
	GlobalSection(SolutionConfigurationPlatforms) = preSolution
		Debug|Any CPU = Debug|Any CPU
		Release|Any CPU = Release|Any CPU
	EndGlobalSection
	GlobalSection(ProjectConfigurationPlatforms) = postSolution
		{97B080B1-E676-FE4D-FA45-C8002097091A}.Debug|Any CPU.ActiveCfg = Debug|Any CPU
		{97B080B1-E676-FE4D-FA45-C8002097091A}.Debug|Any CPU.Build.0 = Debug|Any CPU
		{97B080B1-E676-FE4D-FA45-C8002097091A}.Release|Any CPU.ActiveCfg = Release|Any CPU
		{97B080B1-E676-FE4D-FA45-C8002097091A}.Release|Any CPU.Build.0 = Release|Any CPU
	EndGlobalSection
	GlobalSection(SolutionProperties) = preSolution
		HideSolutionNode = FALSE
	EndGlobalSection
	GlobalSection(MonoDevelopProperties) = preSolution
		StartupItem = Assembly-CSharp.csproj
	EndGlobalSection
EndGlobal
